# THIS IS AN AUTOGENERATED FILE. DO NOT EDIT THIS FILE DIRECTLY.
# yarn lockfile v1


"@babel/runtime@^7.23.2", "@babel/runtime@^7.23.9":
  version "7.24.7"
  resolved "https://registry.yarnpkg.com/@babel/runtime/-/runtime-7.24.7.tgz#f4f0d5530e8dbdf59b3451b9b3e594b6ba082e12"
  integrity sha512-UwgBRMjJP+xv857DCngvqXI3Iq6J4v0wXmwc6sapg+zyhbwmQX67LUEFrkK5tbyJ30jGuG3ZvWpBiB9LCy1kWw==
  dependencies:
    regenerator-runtime "^0.14.0"

"@types/i18next@^13.0.0":
  version "13.0.0"
  resolved "https://registry.yarnpkg.com/@types/i18next/-/i18next-13.0.0.tgz#403ef338add0104e74d9759f1b39217e7c5d4084"
  integrity sha512-gp/SIShAuf4WOqi8ey0nuI7qfWaVpMNCcs/xLygrh/QTQIXmlDC1E0TtVejweNW+7SGDY7g0lyxyKZIJuCKIJw==
  dependencies:
    i18next "*"

"@types/react-i18next@^8.1.0":
  version "8.1.0"
  resolved "https://registry.yarnpkg.com/@types/react-i18next/-/react-i18next-8.1.0.tgz#5faacbfe7dc0f24729c1df6914610bfe861a50de"
  integrity sha512-d4xhcjX5b3roNMObRNMfb1HinHQlQLPo8xlDj60dnHeeAw2bBymR2cy/l1giJpHzo/ZFgSvgVUvIWr4kCrenCg==
  dependencies:
    react-i18next "*"

html-parse-stringify@^3.0.1:
  version "3.0.1"
  resolved "https://registry.yarnpkg.com/html-parse-stringify/-/html-parse-stringify-3.0.1.tgz#dfc1017347ce9f77c8141a507f233040c59c55d2"
  integrity sha512-KknJ50kTInJ7qIScF3jeaFRpMpE8/lfiTdzf/twXyPBLAGrLRTmkz3AdTnKeh40X8k9L2fdYwEp/42WGXIRGcg==
  dependencies:
    void-elements "3.1.0"

i18next@*, i18next@^23.11.5:
  version "23.11.5"
  resolved "https://registry.yarnpkg.com/i18next/-/i18next-23.11.5.tgz#d71eb717a7e65498d87d0594f2664237f9e361ef"
  integrity sha512-41pvpVbW9rhZPk5xjCX2TPJi2861LEig/YRhUkY+1FQ2IQPS0bKUDYnEqY8XPPbB48h1uIwLnP9iiEfuSl20CA==
  dependencies:
    "@babel/runtime" "^7.23.2"

react-i18next@*, react-i18next@^14.1.2:
  version "14.1.2"
  resolved "https://registry.yarnpkg.com/react-i18next/-/react-i18next-14.1.2.tgz#cd57a755f25a32a5fcc3dbe546cf3cc62b4f3ebd"
  integrity sha512-FSIcJy6oauJbGEXfhUgVeLzvWBhIBIS+/9c6Lj4niwKZyGaGb4V4vUbATXSlsHJDXXB+ociNxqFNiFuV1gmoqg==
  dependencies:
    "@babel/runtime" "^7.23.9"
    html-parse-stringify "^3.0.1"

regenerator-runtime@^0.14.0:
  version "0.14.1"
  resolved "https://registry.yarnpkg.com/regenerator-runtime/-/regenerator-runtime-0.14.1.tgz#356ade10263f685dda125100cd862c1db895327f"
  integrity sha512-dYnhHh0nJoMfnkZs6GmmhFknAGRrLznOu5nc9ML+EJxGvrx6H7teuevqVqCuPcPK//3eDrrjQhehXVx9cnkGdw==

void-elements@3.1.0:
  version "3.1.0"
  resolved "https://registry.yarnpkg.com/void-elements/-/void-elements-3.1.0.tgz#614f7fbf8d801f0bb5f0661f5b2f5785750e4f09"
  integrity sha512-Dhxzh5HZuiHQhbvTW9AMetFfBHDMYpo23Uo9btPXgdYP+3T5S+p+jgNy7spra+veYhBP2dCSgxR/i2Y02h5/6w==
